// !$*UTF8*$!
{
	archiveVersion = 1;
	classes = {
	};
	objectVersion = 46;
	objects = {

/* Begin PBXBuildFile section */
		44354FAA1808C8E9000BC9E5 /* Parse.framework in Frameworks */ = {isa = PBXBuildFile; fileRef = 44354FA91808C8E9000BC9E5 /* Parse.framework */; };
		44354FAC1808C91A000BC9E5 /* CFNetwork.framework in Frameworks */ = {isa = PBXBuildFile; fileRef = 44354FAB1808C91A000BC9E5 /* CFNetwork.framework */; };
		44354FAE1808C92E000BC9E5 /* libz.1.1.3.dylib in Frameworks */ = {isa = PBXBuildFile; fileRef = 44354FAD1808C92E000BC9E5 /* libz.1.1.3.dylib */; };
		44354FB01808C935000BC9E5 /* MobileCoreServices.framework in Frameworks */ = {isa = PBXBuildFile; fileRef = 44354FAF1808C935000BC9E5 /* MobileCoreServices.framework */; };
		44354FB21808C93D000BC9E5 /* Security.framework in Frameworks */ = {isa = PBXBuildFile; fileRef = 44354FB11808C93D000BC9E5 /* Security.framework */; };
		4446B4811830402F008409DE /* north.png in Resources */ = {isa = PBXBuildFile; fileRef = 4446B47F1830402F008409DE /* north.png */; };
		4446B4821830402F008409DE /* north@2x.png in Resources */ = {isa = PBXBuildFile; fileRef = 4446B4801830402F008409DE /* north@2x.png */; };
		444BD8B917A4393B00C7A65A /* libz.dylib in Frameworks */ = {isa = PBXBuildFile; fileRef = 44C97DE817A433F300974240 /* libz.dylib */; };
		446C72A5182999880058664C /* libTestFlight.a in Frameworks */ = {isa = PBXBuildFile; fileRef = 446C72A4182999880058664C /* libTestFlight.a */; };
		446D513A1819C79800E6DBE7 /* Andale Mono.ttf in Resources */ = {isa = PBXBuildFile; fileRef = 446D50F81819C79700E6DBE7 /* Andale Mono.ttf */; };
		446D513B1819C79800E6DBE7 /* Crowsflight_Create_001.wav in Resources */ = {isa = PBXBuildFile; fileRef = 446D50FA1819C79700E6DBE7 /* Crowsflight_Create_001.wav */; };
		446D513C1819C79800E6DBE7 /* CWTLocationViewController.m in Sources */ = {isa = PBXBuildFile; fileRef = 446D50FC1819C79700E6DBE7 /* CWTLocationViewController.m */; };
		446D513E1819C79800E6DBE7 /* CWTAppDelegate.m in Sources */ = {isa = PBXBuildFile; fileRef = 446D51001819C79700E6DBE7 /* CWTAppDelegate.m */; };
		446D513F1819C79800E6DBE7 /* CWTArrow.m in Sources */ = {isa = PBXBuildFile; fileRef = 446D51021819C79700E6DBE7 /* CWTArrow.m */; };
		446D51441819C79800E6DBE7 /* CWTViewController.m in Sources */ = {isa = PBXBuildFile; fileRef = 446D510B1819C79700E6DBE7 /* CWTViewController.m */; };
		446D51461819C79800E6DBE7 /* Default-568h@2x.png in Resources */ = {isa = PBXBuildFile; fileRef = 446D510D1819C79700E6DBE7 /* Default-568h@2x.png */; };
		446D51471819C79800E6DBE7 /* Default.png in Resources */ = {isa = PBXBuildFile; fileRef = 446D510E1819C79700E6DBE7 /* Default.png */; };
		446D51481819C79800E6DBE7 /* Default@2x.png in Resources */ = {isa = PBXBuildFile; fileRef = 446D510F1819C79700E6DBE7 /* Default@2x.png */; };
		446D514A1819C79800E6DBE7 /* InfoPlist.strings in Resources */ = {isa = PBXBuildFile; fileRef = 446D51121819C79700E6DBE7 /* InfoPlist.strings */; };
		446D514B1819C79800E6DBE7 /* Icon.png in Resources */ = {isa = PBXBuildFile; fileRef = 446D51141819C79700E6DBE7 /* Icon.png */; };
		446D514C1819C79800E6DBE7 /* Icon@2x.png in Resources */ = {isa = PBXBuildFile; fileRef = 446D51151819C79700E6DBE7 /* Icon@2x.png */; };
		446D514D1819C79800E6DBE7 /* arrow-line.png in Resources */ = {isa = PBXBuildFile; fileRef = 446D51171819C79700E6DBE7 /* arrow-line.png */; };
		446D51501819C79800E6DBE7 /* compass-n.png in Resources */ = {isa = PBXBuildFile; fileRef = 446D511A1819C79700E6DBE7 /* compass-n.png */; };
		446D51511819C79800E6DBE7 /* compass-n@2x.png in Resources */ = {isa = PBXBuildFile; fileRef = 446D511B1819C79700E6DBE7 /* compass-n@2x.png */; };
		446D51521819C79800E6DBE7 /* less-info.png in Resources */ = {isa = PBXBuildFile; fileRef = 446D511C1819C79700E6DBE7 /* less-info.png */; };
		446D51531819C79800E6DBE7 /* less-info@2x.png in Resources */ = {isa = PBXBuildFile; fileRef = 446D511D1819C79700E6DBE7 /* less-info@2x.png */; };
		446D51541819C79800E6DBE7 /* more-info2.png in Resources */ = {isa = PBXBuildFile; fileRef = 446D511E1819C79800E6DBE7 /* more-info2.png */; };
		446D51551819C79800E6DBE7 /* more-info2@2x.png in Resources */ = {isa = PBXBuildFile; fileRef = 446D511F1819C79800E6DBE7 /* more-info2@2x.png */; };
		446D51561819C79800E6DBE7 /* satellite_0000.png in Resources */ = {isa = PBXBuildFile; fileRef = 446D51211819C79800E6DBE7 /* satellite_0000.png */; };
		446D51571819C79800E6DBE7 /* satellite_0000@2x.png in Resources */ = {isa = PBXBuildFile; fileRef = 446D51221819C79800E6DBE7 /* satellite_0000@2x.png */; };
		446D51581819C79800E6DBE7 /* satellite_0001.png in Resources */ = {isa = PBXBuildFile; fileRef = 446D51231819C79800E6DBE7 /* satellite_0001.png */; };
		446D51591819C79800E6DBE7 /* satellite_0001@2x.png in Resources */ = {isa = PBXBuildFile; fileRef = 446D51241819C79800E6DBE7 /* satellite_0001@2x.png */; };
		446D515A1819C79800E6DBE7 /* satellite_0002.png in Resources */ = {isa = PBXBuildFile; fileRef = 446D51251819C79800E6DBE7 /* satellite_0002.png */; };
		446D515B1819C79800E6DBE7 /* satellite_0002@2x.png in Resources */ = {isa = PBXBuildFile; fileRef = 446D51261819C79800E6DBE7 /* satellite_0002@2x.png */; };
		446D515C1819C79800E6DBE7 /* satellite_0003.png in Resources */ = {isa = PBXBuildFile; fileRef = 446D51271819C79800E6DBE7 /* satellite_0003.png */; };
		446D515D1819C79800E6DBE7 /* satellite_0003@2x.png in Resources */ = {isa = PBXBuildFile; fileRef = 446D51281819C79800E6DBE7 /* satellite_0003@2x.png */; };
		446D515F1819C79800E6DBE7 /* main.m in Sources */ = {isa = PBXBuildFile; fileRef = 446D512A1819C79800E6DBE7 /* main.m */; };
		446D51601819C79800E6DBE7 /* MTStatusBarOverlay.m in Sources */ = {isa = PBXBuildFile; fileRef = 446D512C1819C79800E6DBE7 /* MTStatusBarOverlay.m */; };
		446D51611819C79800E6DBE7 /* Reachability.m in Sources */ = {isa = PBXBuildFile; fileRef = 446D512E1819C79800E6DBE7 /* Reachability.m */; };
		446D51621819C79800E6DBE7 /* SourceSansPro-Light.ttf in Resources */ = {isa = PBXBuildFile; fileRef = 446D512F1819C79800E6DBE7 /* SourceSansPro-Light.ttf */; };
		446D51631819C79800E6DBE7 /* PointingAtYou-Info.plist in Resources */ = {isa = PBXBuildFile; fileRef = 446D51331819C79800E6DBE7 /* PointingAtYou-Info.plist */; };
		446D51651819C79800E6DBE7 /* Settings.bundle in Resources */ = {isa = PBXBuildFile; fileRef = 446D51371819C79800E6DBE7 /* Settings.bundle */; };
		447965CD175008C300A45031 /* MessageUI.framework in Frameworks */ = {isa = PBXBuildFile; fileRef = 447965CC175008C300A45031 /* MessageUI.framework */; };
		448AC1AA17BD687700281208 /* SystemConfiguration.framework in Frameworks */ = {isa = PBXBuildFile; fileRef = 448AC1A917BD687700281208 /* SystemConfiguration.framework */; };
		44A3E7CF1819C5F4006409E7 /* AudioToolbox.framework in Frameworks */ = {isa = PBXBuildFile; fileRef = 442F15DC17A6FF0700571D19 /* AudioToolbox.framework */; };
		44C147CD1829520300704D85 /* arrow-dn.png in Resources */ = {isa = PBXBuildFile; fileRef = 44C147CB1829520300704D85 /* arrow-dn.png */; };
		44C147CE1829520300704D85 /* arrow-dn@2X.png in Resources */ = {isa = PBXBuildFile; fileRef = 44C147CC1829520300704D85 /* arrow-dn@2X.png */; };
		44C1D1441759A0CE007798A6 /* QuartzCore.framework in Frameworks */ = {isa = PBXBuildFile; fileRef = 44C1D1431759A0CE007798A6 /* QuartzCore.framework */; };
		44C7F757174F3BC600112096 /* MapKit.framework in Frameworks */ = {isa = PBXBuildFile; fileRef = 44C7F756174F3BC500112096 /* MapKit.framework */; };
		44CDC4F617AB6AC3006ABAA4 /* Crashlytics.framework in Frameworks */ = {isa = PBXBuildFile; fileRef = 44CDC4F517AB6AC3006ABAA4 /* Crashlytics.framework */; };
		44CDF5481829F0AE00018672 /* BTLECentralViewController.m in Sources */ = {isa = PBXBuildFile; fileRef = 44CDF5451829F0AE00018672 /* BTLECentralViewController.m */; };
		44CDF5491829F0AE00018672 /* BTLEPeripheralViewController.m in Sources */ = {isa = PBXBuildFile; fileRef = 44CDF5471829F0AE00018672 /* BTLEPeripheralViewController.m */; };
		44CDF54C1829F0E700018672 /* CoreBluetooth.framework in Frameworks */ = {isa = PBXBuildFile; fileRef = 44CDF54B1829F0E700018672 /* CoreBluetooth.framework */; };
		44DAE01C17359AC900C17F07 /* UIKit.framework in Frameworks */ = {isa = PBXBuildFile; fileRef = 44DAE01B17359AC900C17F07 /* UIKit.framework */; };
		44DAE01E17359AC900C17F07 /* Foundation.framework in Frameworks */ = {isa = PBXBuildFile; fileRef = 44DAE01D17359AC900C17F07 /* Foundation.framework */; };
		44DAE02017359AC900C17F07 /* CoreGraphics.framework in Frameworks */ = {isa = PBXBuildFile; fileRef = 44DAE01F17359AC900C17F07 /* CoreGraphics.framework */; };
		44DAE0601735A08C00C17F07 /* CoreLocation.framework in Frameworks */ = {isa = PBXBuildFile; fileRef = 44DAE05F1735A08C00C17F07 /* CoreLocation.framework */; };
/* End PBXBuildFile section */

/* Begin PBXFileReference section */
		442F15DC17A6FF0700571D19 /* AudioToolbox.framework */ = {isa = PBXFileReference; lastKnownFileType = wrapper.framework; name = AudioToolbox.framework; path = System/Library/Frameworks/AudioToolbox.framework; sourceTree = SDKROOT; };
		44354FA91808C8E9000BC9E5 /* Parse.framework */ = {isa = PBXFileReference; lastKnownFileType = wrapper.framework; path = Parse.framework; sourceTree = "<group>"; };
		44354FAB1808C91A000BC9E5 /* CFNetwork.framework */ = {isa = PBXFileReference; lastKnownFileType = wrapper.framework; name = CFNetwork.framework; path = System/Library/Frameworks/CFNetwork.framework; sourceTree = SDKROOT; };
		44354FAD1808C92E000BC9E5 /* libz.1.1.3.dylib */ = {isa = PBXFileReference; lastKnownFileType = "compiled.mach-o.dylib"; name = libz.1.1.3.dylib; path = usr/lib/libz.1.1.3.dylib; sourceTree = SDKROOT; };
		44354FAF1808C935000BC9E5 /* MobileCoreServices.framework */ = {isa = PBXFileReference; lastKnownFileType = wrapper.framework; name = MobileCoreServices.framework; path = System/Library/Frameworks/MobileCoreServices.framework; sourceTree = SDKROOT; };
		44354FB11808C93D000BC9E5 /* Security.framework */ = {isa = PBXFileReference; lastKnownFileType = wrapper.framework; name = Security.framework; path = System/Library/Frameworks/Security.framework; sourceTree = SDKROOT; };
		4446B47F1830402F008409DE /* north.png */ = {isa = PBXFileReference; lastKnownFileType = image.png; path = north.png; sourceTree = "<group>"; };
		4446B4801830402F008409DE /* north@2x.png */ = {isa = PBXFileReference; lastKnownFileType = image.png; path = "north@2x.png"; sourceTree = "<group>"; };
		446C72A4182999880058664C /* libTestFlight.a */ = {isa = PBXFileReference; lastKnownFileType = archive.ar; path = libTestFlight.a; sourceTree = "<group>"; };
		446D50F81819C79700E6DBE7 /* Andale Mono.ttf */ = {isa = PBXFileReference; lastKnownFileType = file; path = "Andale Mono.ttf"; sourceTree = "<group>"; };
		446D50FA1819C79700E6DBE7 /* Crowsflight_Create_001.wav */ = {isa = PBXFileReference; lastKnownFileType = audio.wav; path = Crowsflight_Create_001.wav; sourceTree = "<group>"; };
		446D50FB1819C79700E6DBE7 /* CWTLocationViewController.h */ = {isa = PBXFileReference; fileEncoding = 4; lastKnownFileType = sourcecode.c.h; path = CWTLocationViewController.h; sourceTree = "<group>"; };
		446D50FC1819C79700E6DBE7 /* CWTLocationViewController.m */ = {isa = PBXFileReference; fileEncoding = 4; lastKnownFileType = sourcecode.c.objc; path = CWTLocationViewController.m; sourceTree = "<group>"; };
		446D50FE1819C79700E6DBE7 /* Crowsflight-Prefix.pch */ = {isa = PBXFileReference; fileEncoding = 4; lastKnownFileType = sourcecode.c.h; path = "Crowsflight-Prefix.pch"; sourceTree = "<group>"; };
		446D50FF1819C79700E6DBE7 /* CWTAppDelegate.h */ = {isa = PBXFileReference; fileEncoding = 4; lastKnownFileType = sourcecode.c.h; path = CWTAppDelegate.h; sourceTree = "<group>"; };
		446D51001819C79700E6DBE7 /* CWTAppDelegate.m */ = {isa = PBXFileReference; fileEncoding = 4; lastKnownFileType = sourcecode.c.objc; path = CWTAppDelegate.m; sourceTree = "<group>"; };
		446D51011819C79700E6DBE7 /* CWTArrow.h */ = {isa = PBXFileReference; fileEncoding = 4; lastKnownFileType = sourcecode.c.h; path = CWTArrow.h; sourceTree = "<group>"; };
		446D51021819C79700E6DBE7 /* CWTArrow.m */ = {isa = PBXFileReference; fileEncoding = 4; lastKnownFileType = sourcecode.c.objc; path = CWTArrow.m; sourceTree = "<group>"; };
		446D510A1819C79700E6DBE7 /* CWTViewController.h */ = {isa = PBXFileReference; fileEncoding = 4; lastKnownFileType = sourcecode.c.h; path = CWTViewController.h; sourceTree = "<group>"; };
		446D510B1819C79700E6DBE7 /* CWTViewController.m */ = {isa = PBXFileReference; fileEncoding = 4; lastKnownFileType = sourcecode.c.objc; path = CWTViewController.m; sourceTree = "<group>"; };
		446D510D1819C79700E6DBE7 /* Default-568h@2x.png */ = {isa = PBXFileReference; lastKnownFileType = image.png; path = "Default-568h@2x.png"; sourceTree = "<group>"; };
		446D510E1819C79700E6DBE7 /* Default.png */ = {isa = PBXFileReference; lastKnownFileType = image.png; path = Default.png; sourceTree = "<group>"; };
		446D510F1819C79700E6DBE7 /* Default@2x.png */ = {isa = PBXFileReference; lastKnownFileType = image.png; path = "Default@2x.png"; sourceTree = "<group>"; };
		446D51131819C79700E6DBE7 /* en */ = {isa = PBXFileReference; lastKnownFileType = text.plist.strings; name = en; path = en.lproj/InfoPlist.strings; sourceTree = "<group>"; };
		446D51141819C79700E6DBE7 /* Icon.png */ = {isa = PBXFileReference; lastKnownFileType = image.png; path = Icon.png; sourceTree = "<group>"; };
		446D51151819C79700E6DBE7 /* Icon@2x.png */ = {isa = PBXFileReference; lastKnownFileType = image.png; path = "Icon@2x.png"; sourceTree = "<group>"; };
		446D51171819C79700E6DBE7 /* arrow-line.png */ = {isa = PBXFileReference; lastKnownFileType = image.png; path = "arrow-line.png"; sourceTree = "<group>"; };
		446D511A1819C79700E6DBE7 /* compass-n.png */ = {isa = PBXFileReference; lastKnownFileType = image.png; path = "compass-n.png"; sourceTree = "<group>"; };
		446D511B1819C79700E6DBE7 /* compass-n@2x.png */ = {isa = PBXFileReference; lastKnownFileType = image.png; path = "compass-n@2x.png"; sourceTree = "<group>"; };
		446D511C1819C79700E6DBE7 /* less-info.png */ = {isa = PBXFileReference; lastKnownFileType = image.png; path = "less-info.png"; sourceTree = "<group>"; };
		446D511D1819C79700E6DBE7 /* less-info@2x.png */ = {isa = PBXFileReference; lastKnownFileType = image.png; path = "less-info@2x.png"; sourceTree = "<group>"; };
		446D511E1819C79800E6DBE7 /* more-info2.png */ = {isa = PBXFileReference; lastKnownFileType = image.png; path = "more-info2.png"; sourceTree = "<group>"; };
		446D511F1819C79800E6DBE7 /* more-info2@2x.png */ = {isa = PBXFileReference; lastKnownFileType = image.png; path = "more-info2@2x.png"; sourceTree = "<group>"; };
		446D51211819C79800E6DBE7 /* satellite_0000.png */ = {isa = PBXFileReference; lastKnownFileType = image.png; path = satellite_0000.png; sourceTree = "<group>"; };
		446D51221819C79800E6DBE7 /* satellite_0000@2x.png */ = {isa = PBXFileReference; lastKnownFileType = image.png; path = "satellite_0000@2x.png"; sourceTree = "<group>"; };
		446D51231819C79800E6DBE7 /* satellite_0001.png */ = {isa = PBXFileReference; lastKnownFileType = image.png; path = satellite_0001.png; sourceTree = "<group>"; };
		446D51241819C79800E6DBE7 /* satellite_0001@2x.png */ = {isa = PBXFileReference; lastKnownFileType = image.png; path = "satellite_0001@2x.png"; sourceTree = "<group>"; };
		446D51251819C79800E6DBE7 /* satellite_0002.png */ = {isa = PBXFileReference; lastKnownFileType = image.png; path = satellite_0002.png; sourceTree = "<group>"; };
		446D51261819C79800E6DBE7 /* satellite_0002@2x.png */ = {isa = PBXFileReference; lastKnownFileType = image.png; path = "satellite_0002@2x.png"; sourceTree = "<group>"; };
		446D51271819C79800E6DBE7 /* satellite_0003.png */ = {isa = PBXFileReference; lastKnownFileType = image.png; path = satellite_0003.png; sourceTree = "<group>"; };
		446D51281819C79800E6DBE7 /* satellite_0003@2x.png */ = {isa = PBXFileReference; lastKnownFileType = image.png; path = "satellite_0003@2x.png"; sourceTree = "<group>"; };
		446D512A1819C79800E6DBE7 /* main.m */ = {isa = PBXFileReference; fileEncoding = 4; lastKnownFileType = sourcecode.c.objc; path = main.m; sourceTree = "<group>"; };
		446D512B1819C79800E6DBE7 /* MTStatusBarOverlay.h */ = {isa = PBXFileReference; fileEncoding = 4; lastKnownFileType = sourcecode.c.h; name = MTStatusBarOverlay.h; path = ../MTStatusBarOverlay.h; sourceTree = "<group>"; };
		446D512C1819C79800E6DBE7 /* MTStatusBarOverlay.m */ = {isa = PBXFileReference; fileEncoding = 4; lastKnownFileType = sourcecode.c.objc; name = MTStatusBarOverlay.m; path = ../MTStatusBarOverlay.m; sourceTree = "<group>"; };
		446D512D1819C79800E6DBE7 /* Reachability.h */ = {isa = PBXFileReference; fileEncoding = 4; lastKnownFileType = sourcecode.c.h; name = Reachability.h; path = ../Reachability.h; sourceTree = "<group>"; };
		446D512E1819C79800E6DBE7 /* Reachability.m */ = {isa = PBXFileReference; fileEncoding = 4; lastKnownFileType = sourcecode.c.objc; name = Reachability.m; path = ../Reachability.m; sourceTree = "<group>"; };
		446D512F1819C79800E6DBE7 /* SourceSansPro-Light.ttf */ = {isa = PBXFileReference; lastKnownFileType = file; path = "SourceSansPro-Light.ttf"; sourceTree = "<group>"; };
		446D51301819C79800E6DBE7 /* TestFlight+AsyncLogging.h */ = {isa = PBXFileReference; fileEncoding = 4; lastKnownFileType = sourcecode.c.h; name = "TestFlight+AsyncLogging.h"; path = "../TestFlight+AsyncLogging.h"; sourceTree = "<group>"; };
		446D51311819C79800E6DBE7 /* TestFlight+ManualSessions.h */ = {isa = PBXFileReference; fileEncoding = 4; lastKnownFileType = sourcecode.c.h; name = "TestFlight+ManualSessions.h"; path = "../TestFlight+ManualSessions.h"; sourceTree = "<group>"; };
		446D51321819C79800E6DBE7 /* TestFlight.h */ = {isa = PBXFileReference; fileEncoding = 4; lastKnownFileType = sourcecode.c.h; name = TestFlight.h; path = ../TestFlight.h; sourceTree = "<group>"; };
		446D51331819C79800E6DBE7 /* PointingAtYou-Info.plist */ = {isa = PBXFileReference; fileEncoding = 4; lastKnownFileType = text.plist.xml; path = "PointingAtYou-Info.plist"; sourceTree = "<group>"; };
		446D51341819C79800E6DBE7 /* TIA-Prefix.pch */ = {isa = PBXFileReference; fileEncoding = 4; lastKnownFileType = sourcecode.c.h; path = "TIA-Prefix.pch"; sourceTree = "<group>"; };
		446D51371819C79800E6DBE7 /* Settings.bundle */ = {isa = PBXFileReference; lastKnownFileType = "wrapper.plug-in"; path = Settings.bundle; sourceTree = "<group>"; };
		447965CC175008C300A45031 /* MessageUI.framework */ = {isa = PBXFileReference; lastKnownFileType = wrapper.framework; name = MessageUI.framework; path = System/Library/Frameworks/MessageUI.framework; sourceTree = SDKROOT; };
		448AC1A917BD687700281208 /* SystemConfiguration.framework */ = {isa = PBXFileReference; lastKnownFileType = wrapper.framework; name = SystemConfiguration.framework; path = System/Library/Frameworks/SystemConfiguration.framework; sourceTree = SDKROOT; };
		44C147CB1829520300704D85 /* arrow-dn.png */ = {isa = PBXFileReference; lastKnownFileType = image.png; path = "arrow-dn.png"; sourceTree = "<group>"; };
		44C147CC1829520300704D85 /* arrow-dn@2X.png */ = {isa = PBXFileReference; lastKnownFileType = image.png; path = "arrow-dn@2X.png"; sourceTree = "<group>"; };
		44C1D1431759A0CE007798A6 /* QuartzCore.framework */ = {isa = PBXFileReference; lastKnownFileType = wrapper.framework; name = QuartzCore.framework; path = System/Library/Frameworks/QuartzCore.framework; sourceTree = SDKROOT; };
		44C7F756174F3BC500112096 /* MapKit.framework */ = {isa = PBXFileReference; lastKnownFileType = wrapper.framework; name = MapKit.framework; path = System/Library/Frameworks/MapKit.framework; sourceTree = SDKROOT; };
		44C97DE817A433F300974240 /* libz.dylib */ = {isa = PBXFileReference; lastKnownFileType = "compiled.mach-o.dylib"; name = libz.dylib; path = usr/lib/libz.dylib; sourceTree = SDKROOT; };
		44CDC4F517AB6AC3006ABAA4 /* Crashlytics.framework */ = {isa = PBXFileReference; lastKnownFileType = wrapper.framework; path = Crashlytics.framework; sourceTree = "<group>"; };
		44CDF5441829F0AE00018672 /* BTLECentralViewController.h */ = {isa = PBXFileReference; fileEncoding = 4; lastKnownFileType = sourcecode.c.h; path = BTLECentralViewController.h; sourceTree = "<group>"; };
		44CDF5451829F0AE00018672 /* BTLECentralViewController.m */ = {isa = PBXFileReference; fileEncoding = 4; lastKnownFileType = sourcecode.c.objc; path = BTLECentralViewController.m; sourceTree = "<group>"; };
		44CDF5461829F0AE00018672 /* BTLEPeripheralViewController.h */ = {isa = PBXFileReference; fileEncoding = 4; lastKnownFileType = sourcecode.c.h; path = BTLEPeripheralViewController.h; sourceTree = "<group>"; };
		44CDF5471829F0AE00018672 /* BTLEPeripheralViewController.m */ = {isa = PBXFileReference; fileEncoding = 4; lastKnownFileType = sourcecode.c.objc; path = BTLEPeripheralViewController.m; sourceTree = "<group>"; };
		44CDF54A1829F0C000018672 /* TransferService.h */ = {isa = PBXFileReference; lastKnownFileType = sourcecode.c.h; path = TransferService.h; sourceTree = "<group>"; };
		44CDF54B1829F0E700018672 /* CoreBluetooth.framework */ = {isa = PBXFileReference; lastKnownFileType = wrapper.framework; name = CoreBluetooth.framework; path = System/Library/Frameworks/CoreBluetooth.framework; sourceTree = SDKROOT; };
		44DAE01817359AC900C17F07 /* TIA.app */ = {isa = PBXFileReference; explicitFileType = wrapper.application; includeInIndex = 0; path = TIA.app; sourceTree = BUILT_PRODUCTS_DIR; };
		44DAE01B17359AC900C17F07 /* UIKit.framework */ = {isa = PBXFileReference; lastKnownFileType = wrapper.framework; name = UIKit.framework; path = System/Library/Frameworks/UIKit.framework; sourceTree = SDKROOT; };
		44DAE01D17359AC900C17F07 /* Foundation.framework */ = {isa = PBXFileReference; lastKnownFileType = wrapper.framework; name = Foundation.framework; path = System/Library/Frameworks/Foundation.framework; sourceTree = SDKROOT; };
		44DAE01F17359AC900C17F07 /* CoreGraphics.framework */ = {isa = PBXFileReference; lastKnownFileType = wrapper.framework; name = CoreGraphics.framework; path = System/Library/Frameworks/CoreGraphics.framework; sourceTree = SDKROOT; };
		44DAE04217359ACA00C17F07 /* SenTestingKit.framework */ = {isa = PBXFileReference; lastKnownFileType = wrapper.framework; name = SenTestingKit.framework; path = Library/Frameworks/SenTestingKit.framework; sourceTree = DEVELOPER_DIR; };
		44DAE05F1735A08C00C17F07 /* CoreLocation.framework */ = {isa = PBXFileReference; lastKnownFileType = wrapper.framework; name = CoreLocation.framework; path = System/Library/Frameworks/CoreLocation.framework; sourceTree = SDKROOT; };
		44E7EBBC17A700B20054E1BB /* AVFoundation.framework */ = {isa = PBXFileReference; lastKnownFileType = wrapper.framework; name = AVFoundation.framework; path = System/Library/Frameworks/AVFoundation.framework; sourceTree = SDKROOT; };
/* End PBXFileReference section */

/* Begin PBXFrameworksBuildPhase section */
		44DAE01517359AC900C17F07 /* Frameworks */ = {
			isa = PBXFrameworksBuildPhase;
			buildActionMask = 2147483647;
			files = (
				44CDF54C1829F0E700018672 /* CoreBluetooth.framework in Frameworks */,
				44A3E7CF1819C5F4006409E7 /* AudioToolbox.framework in Frameworks */,
				44354FB21808C93D000BC9E5 /* Security.framework in Frameworks */,
				44354FB01808C935000BC9E5 /* MobileCoreServices.framework in Frameworks */,
				44354FAE1808C92E000BC9E5 /* libz.1.1.3.dylib in Frameworks */,
				44DAE02017359AC900C17F07 /* CoreGraphics.framework in Frameworks */,
				44354FAC1808C91A000BC9E5 /* CFNetwork.framework in Frameworks */,
				448AC1AA17BD687700281208 /* SystemConfiguration.framework in Frameworks */,
				444BD8B917A4393B00C7A65A /* libz.dylib in Frameworks */,
				44C1D1441759A0CE007798A6 /* QuartzCore.framework in Frameworks */,
				447965CD175008C300A45031 /* MessageUI.framework in Frameworks */,
				44C7F757174F3BC600112096 /* MapKit.framework in Frameworks */,
				446C72A5182999880058664C /* libTestFlight.a in Frameworks */,
				44DAE0601735A08C00C17F07 /* CoreLocation.framework in Frameworks */,
				44DAE01C17359AC900C17F07 /* UIKit.framework in Frameworks */,
				44DAE01E17359AC900C17F07 /* Foundation.framework in Frameworks */,
				44354FAA1808C8E9000BC9E5 /* Parse.framework in Frameworks */,
				44CDC4F617AB6AC3006ABAA4 /* Crashlytics.framework in Frameworks */,
			);
			runOnlyForDeploymentPostprocessing = 0;
		};
/* End PBXFrameworksBuildPhase section */

/* Begin PBXGroup section */
		446D50F71819C79700E6DBE7 /* TIA */ = {
			isa = PBXGroup;
			children = (
				446D51681819CA2300E6DBE7 /* Support Files */,
				446D50FF1819C79700E6DBE7 /* CWTAppDelegate.h */,
				446D51001819C79700E6DBE7 /* CWTAppDelegate.m */,
				446D510A1819C79700E6DBE7 /* CWTViewController.h */,
				446D510B1819C79700E6DBE7 /* CWTViewController.m */,
				446D50FB1819C79700E6DBE7 /* CWTLocationViewController.h */,
				446D50FC1819C79700E6DBE7 /* CWTLocationViewController.m */,
				446D51011819C79700E6DBE7 /* CWTArrow.h */,
				446D51021819C79700E6DBE7 /* CWTArrow.m */,
				44CDF5441829F0AE00018672 /* BTLECentralViewController.h */,
				44CDF5451829F0AE00018672 /* BTLECentralViewController.m */,
				44CDF5461829F0AE00018672 /* BTLEPeripheralViewController.h */,
				44CDF5471829F0AE00018672 /* BTLEPeripheralViewController.m */,
				44CDF54A1829F0C000018672 /* TransferService.h */,
				446D51671819CA0A00E6DBE7 /* Fonts */,
				446D50F91819C79700E6DBE7 /* Audio */,
				446D51161819C79700E6DBE7 /* Images */,
				446D51351819C79800E6DBE7 /* TIAFrameworks */,
			);
			path = TIA;
			sourceTree = "<group>";
		};
		446D50F91819C79700E6DBE7 /* Audio */ = {
			isa = PBXGroup;
			children = (
				446D50FA1819C79700E6DBE7 /* Crowsflight_Create_001.wav */,
			);
			path = Audio;
			sourceTree = "<group>";
		};
		446D51161819C79700E6DBE7 /* Images */ = {
			isa = PBXGroup;
			children = (
				4446B47F1830402F008409DE /* north.png */,
				4446B4801830402F008409DE /* north@2x.png */,
				44C147CB1829520300704D85 /* arrow-dn.png */,
				44C147CC1829520300704D85 /* arrow-dn@2X.png */,
				446D51171819C79700E6DBE7 /* arrow-line.png */,
				446D511A1819C79700E6DBE7 /* compass-n.png */,
				446D511B1819C79700E6DBE7 /* compass-n@2x.png */,
				446D511C1819C79700E6DBE7 /* less-info.png */,
				446D511D1819C79700E6DBE7 /* less-info@2x.png */,
				446D511E1819C79800E6DBE7 /* more-info2.png */,
				446D511F1819C79800E6DBE7 /* more-info2@2x.png */,
				446D51201819C79800E6DBE7 /* Satellite */,
			);
			path = Images;
			sourceTree = "<group>";
		};
		446D51201819C79800E6DBE7 /* Satellite */ = {
			isa = PBXGroup;
			children = (
				446D51211819C79800E6DBE7 /* satellite_0000.png */,
				446D51221819C79800E6DBE7 /* satellite_0000@2x.png */,
				446D51231819C79800E6DBE7 /* satellite_0001.png */,
				446D51241819C79800E6DBE7 /* satellite_0001@2x.png */,
				446D51251819C79800E6DBE7 /* satellite_0002.png */,
				446D51261819C79800E6DBE7 /* satellite_0002@2x.png */,
				446D51271819C79800E6DBE7 /* satellite_0003.png */,
				446D51281819C79800E6DBE7 /* satellite_0003@2x.png */,
			);
			path = Satellite;
			sourceTree = "<group>";
		};
		446D51351819C79800E6DBE7 /* TIAFrameworks */ = {
			isa = PBXGroup;
			children = (
				446C72A4182999880058664C /* libTestFlight.a */,
				446D512B1819C79800E6DBE7 /* MTStatusBarOverlay.h */,
				446D512C1819C79800E6DBE7 /* MTStatusBarOverlay.m */,
				446D512D1819C79800E6DBE7 /* Reachability.h */,
				446D512E1819C79800E6DBE7 /* Reachability.m */,
				446D51301819C79800E6DBE7 /* TestFlight+AsyncLogging.h */,
				446D51311819C79800E6DBE7 /* TestFlight+ManualSessions.h */,
				446D51321819C79800E6DBE7 /* TestFlight.h */,
				446D51371819C79800E6DBE7 /* Settings.bundle */,
			);
			path = TIAFrameworks;
			sourceTree = "<group>";
		};
		446D51671819CA0A00E6DBE7 /* Fonts */ = {
			isa = PBXGroup;
			children = (
				446D512F1819C79800E6DBE7 /* SourceSansPro-Light.ttf */,
				446D50F81819C79700E6DBE7 /* Andale Mono.ttf */,
			);
			name = Fonts;
			sourceTree = "<group>";
		};
		446D51681819CA2300E6DBE7 /* Support Files */ = {
			isa = PBXGroup;
			children = (
				446D50FE1819C79700E6DBE7 /* Crowsflight-Prefix.pch */,
				446D51331819C79800E6DBE7 /* PointingAtYou-Info.plist */,
				446D51341819C79800E6DBE7 /* TIA-Prefix.pch */,
				446D512A1819C79800E6DBE7 /* main.m */,
				446D510D1819C79700E6DBE7 /* Default-568h@2x.png */,
				446D510E1819C79700E6DBE7 /* Default.png */,
				446D510F1819C79700E6DBE7 /* Default@2x.png */,
				446D51121819C79700E6DBE7 /* InfoPlist.strings */,
				446D51141819C79700E6DBE7 /* Icon.png */,
				446D51151819C79700E6DBE7 /* Icon@2x.png */,
			);
			name = "Support Files";
			sourceTree = "<group>";
		};
		44DAE00F17359AC900C17F07 = {
			isa = PBXGroup;
			children = (
				446D50F71819C79700E6DBE7 /* TIA */,
				448AC1A917BD687700281208 /* SystemConfiguration.framework */,
				44CDC4F517AB6AC3006ABAA4 /* Crashlytics.framework */,
				442F15DC17A6FF0700571D19 /* AudioToolbox.framework */,
				44C1D1431759A0CE007798A6 /* QuartzCore.framework */,
				44DAE01A17359AC900C17F07 /* Frameworks */,
				44DAE01917359AC900C17F07 /* Products */,
			);
			sourceTree = "<group>";
		};
		44DAE01917359AC900C17F07 /* Products */ = {
			isa = PBXGroup;
			children = (
				44DAE01817359AC900C17F07 /* TIA.app */,
			);
			name = Products;
			sourceTree = "<group>";
		};
		44DAE01A17359AC900C17F07 /* Frameworks */ = {
			isa = PBXGroup;
			children = (
				44CDF54B1829F0E700018672 /* CoreBluetooth.framework */,
				44354FB11808C93D000BC9E5 /* Security.framework */,
				44354FAF1808C935000BC9E5 /* MobileCoreServices.framework */,
				44354FAD1808C92E000BC9E5 /* libz.1.1.3.dylib */,
				44354FAB1808C91A000BC9E5 /* CFNetwork.framework */,
				44354FA91808C8E9000BC9E5 /* Parse.framework */,
				44E7EBBC17A700B20054E1BB /* AVFoundation.framework */,
				44C97DE817A433F300974240 /* libz.dylib */,
				447965CC175008C300A45031 /* MessageUI.framework */,
				44C7F756174F3BC500112096 /* MapKit.framework */,
				44DAE05F1735A08C00C17F07 /* CoreLocation.framework */,
				44DAE01B17359AC900C17F07 /* UIKit.framework */,
				44DAE01D17359AC900C17F07 /* Foundation.framework */,
				44DAE01F17359AC900C17F07 /* CoreGraphics.framework */,
				44DAE04217359ACA00C17F07 /* SenTestingKit.framework */,
			);
			name = Frameworks;
			sourceTree = "<group>";
		};
/* End PBXGroup section */

/* Begin PBXNativeTarget section */
		44DAE01717359AC900C17F07 /* TIA */ = {
			isa = PBXNativeTarget;
			buildConfigurationList = 44DAE05317359ACA00C17F07 /* Build configuration list for PBXNativeTarget "TIA" */;
			buildPhases = (
				44DAE01417359AC900C17F07 /* Sources */,
				44DAE01517359AC900C17F07 /* Frameworks */,
				44DAE01617359AC900C17F07 /* Resources */,
				44E7D33F1752A53A00BF8433 /* ShellScript */,
			);
			buildRules = (
			);
			dependencies = (
			);
			name = TIA;
			productName = Crowsflight;
			productReference = 44DAE01817359AC900C17F07 /* TIA.app */;
			productType = "com.apple.product-type.application";
		};
/* End PBXNativeTarget section */

/* Begin PBXProject section */
		44DAE01017359AC900C17F07 /* Project object */ = {
			isa = PBXProject;
			attributes = {
				CLASSPREFIX = cwt;
				LastUpgradeCheck = 0460;
				ORGANIZATIONNAME = "CW&T";
				TargetAttributes = {
					44DAE01717359AC900C17F07 = {
						DevelopmentTeam = L6DVQR8JB9;
						SystemCapabilities = {
							com.apple.BackgroundModes = {
								enabled = 1;
							};
							com.apple.InAppPurchase = {
								enabled = 0;
							};
						};
					};
				};
			};
			buildConfigurationList = 44DAE01317359AC900C17F07 /* Build configuration list for PBXProject "TIA" */;
			compatibilityVersion = "Xcode 3.2";
			developmentRegion = English;
			hasScannedForEncodings = 0;
			knownRegions = (
				en,
			);
			mainGroup = 44DAE00F17359AC900C17F07;
			productRefGroup = 44DAE01917359AC900C17F07 /* Products */;
			projectDirPath = "";
			projectRoot = "";
			targets = (
				44DAE01717359AC900C17F07 /* TIA */,
			);
		};
/* End PBXProject section */

/* Begin PBXResourcesBuildPhase section */
		44DAE01617359AC900C17F07 /* Resources */ = {
			isa = PBXResourcesBuildPhase;
			buildActionMask = 2147483647;
			files = (
				446D51481819C79800E6DBE7 /* Default@2x.png in Resources */,
				446D51591819C79800E6DBE7 /* satellite_0001@2x.png in Resources */,
				4446B4821830402F008409DE /* north@2x.png in Resources */,
				446D515C1819C79800E6DBE7 /* satellite_0003.png in Resources */,
				446D51501819C79800E6DBE7 /* compass-n.png in Resources */,
				446D515A1819C79800E6DBE7 /* satellite_0002.png in Resources */,
				44C147CD1829520300704D85 /* arrow-dn.png in Resources */,
				446D514C1819C79800E6DBE7 /* Icon@2x.png in Resources */,
				446D51511819C79800E6DBE7 /* compass-n@2x.png in Resources */,
				446D515D1819C79800E6DBE7 /* satellite_0003@2x.png in Resources */,
				446D51571819C79800E6DBE7 /* satellite_0000@2x.png in Resources */,
				446D513A1819C79800E6DBE7 /* Andale Mono.ttf in Resources */,
				4446B4811830402F008409DE /* north.png in Resources */,
				446D51531819C79800E6DBE7 /* less-info@2x.png in Resources */,
				446D51521819C79800E6DBE7 /* less-info.png in Resources */,
				446D51621819C79800E6DBE7 /* SourceSansPro-Light.ttf in Resources */,
				446D513B1819C79800E6DBE7 /* Crowsflight_Create_001.wav in Resources */,
				44C147CE1829520300704D85 /* arrow-dn@2X.png in Resources */,
				446D51581819C79800E6DBE7 /* satellite_0001.png in Resources */,
				446D51551819C79800E6DBE7 /* more-info2@2x.png in Resources */,
				446D51541819C79800E6DBE7 /* more-info2.png in Resources */,
				446D51471819C79800E6DBE7 /* Default.png in Resources */,
				446D515B1819C79800E6DBE7 /* satellite_0002@2x.png in Resources */,
				446D514B1819C79800E6DBE7 /* Icon.png in Resources */,
				446D514D1819C79800E6DBE7 /* arrow-line.png in Resources */,
				446D51561819C79800E6DBE7 /* satellite_0000.png in Resources */,
				446D51461819C79800E6DBE7 /* Default-568h@2x.png in Resources */,
				446D514A1819C79800E6DBE7 /* InfoPlist.strings in Resources */,
				446D51651819C79800E6DBE7 /* Settings.bundle in Resources */,
				446D51631819C79800E6DBE7 /* PointingAtYou-Info.plist in Resources */,
			);
			runOnlyForDeploymentPostprocessing = 0;
		};
/* End PBXResourcesBuildPhase section */

/* Begin PBXShellScriptBuildPhase section */
		44E7D33F1752A53A00BF8433 /* ShellScript */ = {
			isa = PBXShellScriptBuildPhase;
			buildActionMask = 2147483647;
			files = (
			);
			inputPaths = (
			);
			outputPaths = (
			);
			runOnlyForDeploymentPostprocessing = 0;
			shellPath = /bin/sh;
			shellScript = "./Crashlytics.framework/run 1eb6d15737d50f2df4316cb5b8b073da76a42b67";
		};
/* End PBXShellScriptBuildPhase section */

/* Begin PBXSourcesBuildPhase section */
		44DAE01417359AC900C17F07 /* Sources */ = {
			isa = PBXSourcesBuildPhase;
			buildActionMask = 2147483647;
			files = (
				446D513C1819C79800E6DBE7 /* CWTLocationViewController.m in Sources */,
				44CDF5491829F0AE00018672 /* BTLEPeripheralViewController.m in Sources */,
				446D513F1819C79800E6DBE7 /* CWTArrow.m in Sources */,
				446D51611819C79800E6DBE7 /* Reachability.m in Sources */,
				446D513E1819C79800E6DBE7 /* CWTAppDelegate.m in Sources */,
				446D51601819C79800E6DBE7 /* MTStatusBarOverlay.m in Sources */,
				44CDF5481829F0AE00018672 /* BTLECentralViewController.m in Sources */,
				446D515F1819C79800E6DBE7 /* main.m in Sources */,
				446D51441819C79800E6DBE7 /* CWTViewController.m in Sources */,
			);
			runOnlyForDeploymentPostprocessing = 0;
		};
/* End PBXSourcesBuildPhase section */

/* Begin PBXVariantGroup section */
		446D51121819C79700E6DBE7 /* InfoPlist.strings */ = {
			isa = PBXVariantGroup;
			children = (
				446D51131819C79700E6DBE7 /* en */,
			);
			name = InfoPlist.strings;
			sourceTree = "<group>";
		};
/* End PBXVariantGroup section */

/* Begin XCBuildConfiguration section */
		44DAE05117359ACA00C17F07 /* Debug */ = {
			isa = XCBuildConfiguration;
			buildSettings = {
				ALWAYS_SEARCH_USER_PATHS = NO;
				CLANG_CXX_LANGUAGE_STANDARD = "gnu++0x";
				CLANG_CXX_LIBRARY = "libc++";
				CLANG_ENABLE_OBJC_ARC = YES;
				CLANG_WARN_CONSTANT_CONVERSION = YES;
				CLANG_WARN_EMPTY_BODY = YES;
				CLANG_WARN_ENUM_CONVERSION = YES;
				CLANG_WARN_INT_CONVERSION = YES;
				CLANG_WARN__DUPLICATE_METHOD_MATCH = YES;
				"CODE_SIGN_IDENTITY[sdk=iphoneos*]" = "iPhone Developer";
				COPY_PHASE_STRIP = NO;
				GCC_C_LANGUAGE_STANDARD = gnu99;
				GCC_DYNAMIC_NO_PIC = NO;
				GCC_OPTIMIZATION_LEVEL = 0;
				GCC_PREPROCESSOR_DEFINITIONS = (
					"DEBUG=1",
					"$(inherited)",
				);
				GCC_SYMBOLS_PRIVATE_EXTERN = NO;
				GCC_WARN_ABOUT_RETURN_TYPE = YES;
				GCC_WARN_UNINITIALIZED_AUTOS = YES;
				GCC_WARN_UNUSED_VARIABLE = YES;
				IPHONEOS_DEPLOYMENT_TARGET = 6.0;
				ONLY_ACTIVE_ARCH = YES;
				SDKROOT = iphoneos;
				TARGETED_DEVICE_FAMILY = 1;
			};
			name = Debug;
		};
		44DAE05217359ACA00C17F07 /* Release */ = {
			isa = XCBuildConfiguration;
			buildSettings = {
				ALWAYS_SEARCH_USER_PATHS = NO;
				CLANG_CXX_LANGUAGE_STANDARD = "gnu++0x";
				CLANG_CXX_LIBRARY = "libc++";
				CLANG_ENABLE_OBJC_ARC = YES;
				CLANG_WARN_CONSTANT_CONVERSION = YES;
				CLANG_WARN_EMPTY_BODY = YES;
				CLANG_WARN_ENUM_CONVERSION = YES;
				CLANG_WARN_INT_CONVERSION = YES;
				CLANG_WARN__DUPLICATE_METHOD_MATCH = YES;
				"CODE_SIGN_IDENTITY[sdk=iphoneos*]" = "iPhone Developer";
				COPY_PHASE_STRIP = YES;
				GCC_C_LANGUAGE_STANDARD = gnu99;
				GCC_WARN_ABOUT_RETURN_TYPE = YES;
				GCC_WARN_UNINITIALIZED_AUTOS = YES;
				GCC_WARN_UNUSED_VARIABLE = YES;
				IPHONEOS_DEPLOYMENT_TARGET = 6.0;
				OTHER_CFLAGS = "-DNS_BLOCK_ASSERTIONS=1";
				SDKROOT = iphoneos;
				TARGETED_DEVICE_FAMILY = 1;
				VALIDATE_PRODUCT = YES;
			};
			name = Release;
		};
		44DAE05417359ACA00C17F07 /* Debug */ = {
			isa = XCBuildConfiguration;
			buildSettings = {
				ARCHS = armv7;
				CODE_SIGN_IDENTITY = "iPhone Developer";
				"CODE_SIGN_IDENTITY[sdk=iphoneos*]" = "iPhone Developer";
				FRAMEWORK_SEARCH_PATHS = (
					"$(inherited)",
					"$(SRCROOT)",
				);
				GCC_PRECOMPILE_PREFIX_HEADER = YES;
				GCC_PREFIX_HEADER = "TIA/TIA-Prefix.pch";
				INFOPLIST_FILE = "TIA/PointingAtYou-Info.plist";
				IPHONEOS_DEPLOYMENT_TARGET = 7.0;
				LIBRARY_SEARCH_PATHS = "$(SRCROOT)/TIA/TIAFrameworks";
				OTHER_LDFLAGS = "";
				PRODUCT_NAME = TIA;
				PROVISIONING_PROFILE = "22973392-65C9-4A6D-A076-621BCBCEAF40";
				"PROVISIONING_PROFILE[sdk=iphoneos*]" = "22973392-65C9-4A6D-A076-621BCBCEAF40";
				TARGETED_DEVICE_FAMILY = 1;
				WRAPPER_EXTENSION = app;
			};
			name = Debug;
		};
		44DAE05517359ACA00C17F07 /* Release */ = {
			isa = XCBuildConfiguration;
			buildSettings = {
				ARCHS = armv7;
				CODE_SIGN_IDENTITY = "iPhone Developer";
				"CODE_SIGN_IDENTITY[sdk=iphoneos*]" = "iPhone Developer";
				FRAMEWORK_SEARCH_PATHS = (
					"$(inherited)",
					"$(SRCROOT)",
				);
				GCC_PRECOMPILE_PREFIX_HEADER = YES;
				GCC_PREFIX_HEADER = "TIA/TIA-Prefix.pch";
				INFOPLIST_FILE = "TIA/PointingAtYou-Info.plist";
				IPHONEOS_DEPLOYMENT_TARGET = 7.0;
				LIBRARY_SEARCH_PATHS = "$(SRCROOT)/TIA/TIAFrameworks";
				OTHER_LDFLAGS = "";
				PRODUCT_NAME = TIA;
				PROVISIONING_PROFILE = "22973392-65C9-4A6D-A076-621BCBCEAF40";
				"PROVISIONING_PROFILE[sdk=iphoneos*]" = "22973392-65C9-4A6D-A076-621BCBCEAF40";
				TARGETED_DEVICE_FAMILY = 1;
				WRAPPER_EXTENSION = app;
			};
			name = Release;
		};
/* End XCBuildConfiguration section */

/* Begin XCConfigurationList section */
		44DAE01317359AC900C17F07 /* Build configuration list for PBXProject "TIA" */ = {
			isa = XCConfigurationList;
			buildConfigurations = (
				44DAE05117359ACA00C17F07 /* Debug */,
				44DAE05217359ACA00C17F07 /* Release */,
			);
			defaultConfigurationIsVisible = 0;
			defaultConfigurationName = Release;
		};
		44DAE05317359ACA00C17F07 /* Build configuration list for PBXNativeTarget "TIA" */ = {
			isa = XCConfigurationList;
			buildConfigurations = (
				44DAE05417359ACA00C17F07 /* Debug */,
				44DAE05517359ACA00C17F07 /* Release */,
			);
			defaultConfigurationIsVisible = 0;
			defaultConfigurationName = Release;
		};
/* End XCConfigurationList section */
	};
	rootObject = 44DAE01017359AC900C17F07 /* Project object */;
}
